
Microsoft Visual Studio Solution File, Format Version 12.00
# Visual Studio 15
VisualStudioVersion = 15.0.27428.2037
MinimumVisualStudioVersion = 10.0.40219.1
Project("{FAE04EC0-301F-11D3-BF4B-00C04F79EFBC}") = "ClassicIDConverter", "ClassicIDConverter\ClassicIDConverter.csproj", "{DA4E9807-CB88-49B6-BE1D-CD04A6F6AC9B}"
EndProject
Project("{FAE04EC0-301F-11D3-BF4B-00C04F79EFBC}") = "ClassicIDConverter.Test", "ClassicIDConverter.Test\ClassicIDConverter.Test.csproj", "{78A034CC-489D-48C9-AB32-1D54B3772A6C}"
EndProject
Global
	GlobalSection(SolutionConfigurationPlatforms) = preSolution
		Debug|Any CPU = Debug|Any CPU
		Release|Any CPU = Release|Any CPU
	EndGlobalSection
	GlobalSection(ProjectConfigurationPlatforms) = postSolution
		{DA4E9807-CB88-49B6-BE1D-CD04A6F6AC9B}.Debug|Any CPU.ActiveCfg = Debug|Any CPU
		{DA4E9807-CB88-49B6-BE1D-CD04A6F6AC9B}.Debug|Any CPU.Build.0 = Debug|Any CPU
		{DA4E9807-CB88-49B6-BE1D-CD04A6F6AC9B}.Release|Any CPU.ActiveCfg = Release|Any CPU
		{DA4E9807-CB88-49B6-BE1D-CD04A6F6AC9B}.Release|Any CPU.Build.0 = Release|Any CPU
		{78A034CC-489D-48C9-AB32-1D54B3772A6C}.Debug|Any CPU.ActiveCfg = Debug|Any CPU
		{78A034CC-489D-48C9-AB32-1D54B3772A6C}.Debug|Any CPU.Build.0 = Debug|Any CPU
		{78A034CC-489D-48C9-AB32-1D54B3772A6C}.Release|Any CPU.ActiveCfg = Release|Any CPU
		{78A034CC-489D-48C9-AB32-1D54B3772A6C}.Release|Any CPU.Build.0 = Release|Any CPU
	EndGlobalSection
	GlobalSection(SolutionProperties) = preSolution
		HideSolutionNode = FALSE
	EndGlobalSection
	GlobalSection(ExtensibilityGlobals) = postSolution
		SolutionGuid = {4E117573-4368-4BB1-B970-25DC1D833166}
	EndGlobalSection
EndGlobal
